
Microsoft Visual Studio Solution File, Format Version 12.00
# Visual Studio 15
VisualStudioVersion = 15.0.26430.6
MinimumVisualStudioVersion = 10.0.40219.1
Project("{2150E333-8FDC-42A3-9474-1A3956D46DE8}") = "src", "src", "{2CBB505D-5FCB-4FED-8860-A0B6B5B16742}"
EndProject
Project("{9A19103F-16F7-4668-BE54-9A1E7A4F7556}") = "CACSLibrary", "src\CACSLibrary\CACSLibrary.csproj", "{0ED8DC65-0324-4CB9-98CA-37C1E1DF39E3}"
EndProject
Project("{9A19103F-16F7-4668-BE54-9A1E7A4F7556}") = "CACSLibrary.Autofac", "src\CACSLibrary.Autofac\CACSLibrary.Autofac.csproj", "{2B832C89-7968-4E65-A41F-5E891D124ECE}"
EndProject
Project("{9A19103F-16F7-4668-BE54-9A1E7A4F7556}") = "CACSLibrary.Data", "src\CACSLibrary.Data\CACSLibrary.Data.csproj", "{44E9F975-87AC-43EB-BBB7-0E065BDE3263}"
EndProject
Project("{9A19103F-16F7-4668-BE54-9A1E7A4F7556}") = "CACSLibrary.WCF", "src\CACSLibrary.WCF\CACSLibrary.WCF.csproj", "{D3EF4A2B-7A72-4B3B-9864-74DF965FF373}"
EndProject
Project("{9A19103F-16F7-4668-BE54-9A1E7A4F7556}") = "CACSLibrary.Web", "src\CACSLibrary.Web\CACSLibrary.Web.csproj", "{6FCC86E2-B490-4F08-BC03-A39D3C2346B0}"
EndProject
Project("{9A19103F-16F7-4668-BE54-9A1E7A4F7556}") = "CACSLibrary.Web.Autofac", "src\CACSLibrary.Web.Autofac\CACSLibrary.Web.Autofac.csproj", "{1478748B-5193-495D-97C7-C632A7A792F3}"
EndProject
Global
	GlobalSection(SolutionConfigurationPlatforms) = preSolution
		Debug|Any CPU = Debug|Any CPU
		Release|Any CPU = Release|Any CPU
	EndGlobalSection
	GlobalSection(ProjectConfigurationPlatforms) = postSolution
		{0ED8DC65-0324-4CB9-98CA-37C1E1DF39E3}.Debug|Any CPU.ActiveCfg = Debug|Any CPU
		{0ED8DC65-0324-4CB9-98CA-37C1E1DF39E3}.Debug|Any CPU.Build.0 = Debug|Any CPU
		{0ED8DC65-0324-4CB9-98CA-37C1E1DF39E3}.Release|Any CPU.ActiveCfg = Release|Any CPU
		{0ED8DC65-0324-4CB9-98CA-37C1E1DF39E3}.Release|Any CPU.Build.0 = Release|Any CPU
		{2B832C89-7968-4E65-A41F-5E891D124ECE}.Debug|Any CPU.ActiveCfg = Debug|Any CPU
		{2B832C89-7968-4E65-A41F-5E891D124ECE}.Debug|Any CPU.Build.0 = Debug|Any CPU
		{2B832C89-7968-4E65-A41F-5E891D124ECE}.Release|Any CPU.ActiveCfg = Release|Any CPU
		{2B832C89-7968-4E65-A41F-5E891D124ECE}.Release|Any CPU.Build.0 = Release|Any CPU
		{44E9F975-87AC-43EB-BBB7-0E065BDE3263}.Debug|Any CPU.ActiveCfg = Debug|Any CPU
		{44E9F975-87AC-43EB-BBB7-0E065BDE3263}.Debug|Any CPU.Build.0 = Debug|Any CPU
		{44E9F975-87AC-43EB-BBB7-0E065BDE3263}.Release|Any CPU.ActiveCfg = Release|Any CPU
		{44E9F975-87AC-43EB-BBB7-0E065BDE3263}.Release|Any CPU.Build.0 = Release|Any CPU
		{D3EF4A2B-7A72-4B3B-9864-74DF965FF373}.Debug|Any CPU.ActiveCfg = Debug|Any CPU
		{D3EF4A2B-7A72-4B3B-9864-74DF965FF373}.Debug|Any CPU.Build.0 = Debug|Any CPU
		{D3EF4A2B-7A72-4B3B-9864-74DF965FF373}.Release|Any CPU.ActiveCfg = Release|Any CPU
		{D3EF4A2B-7A72-4B3B-9864-74DF965FF373}.Release|Any CPU.Build.0 = Release|Any CPU
		{6FCC86E2-B490-4F08-BC03-A39D3C2346B0}.Debug|Any CPU.ActiveCfg = Debug|Any CPU
		{6FCC86E2-B490-4F08-BC03-A39D3C2346B0}.Debug|Any CPU.Build.0 = Debug|Any CPU
		{6FCC86E2-B490-4F08-BC03-A39D3C2346B0}.Release|Any CPU.ActiveCfg = Release|Any CPU
		{6FCC86E2-B490-4F08-BC03-A39D3C2346B0}.Release|Any CPU.Build.0 = Release|Any CPU
		{1478748B-5193-495D-97C7-C632A7A792F3}.Debug|Any CPU.ActiveCfg = Debug|Any CPU
		{1478748B-5193-495D-97C7-C632A7A792F3}.Debug|Any CPU.Build.0 = Debug|Any CPU
		{1478748B-5193-495D-97C7-C632A7A792F3}.Release|Any CPU.ActiveCfg = Release|Any CPU
		{1478748B-5193-495D-97C7-C632A7A792F3}.Release|Any CPU.Build.0 = Release|Any CPU
	EndGlobalSection
	GlobalSection(SolutionProperties) = preSolution
		HideSolutionNode = FALSE
	EndGlobalSection
	GlobalSection(NestedProjects) = preSolution
		{0ED8DC65-0324-4CB9-98CA-37C1E1DF39E3} = {2CBB505D-5FCB-4FED-8860-A0B6B5B16742}
		{2B832C89-7968-4E65-A41F-5E891D124ECE} = {2CBB505D-5FCB-4FED-8860-A0B6B5B16742}
		{44E9F975-87AC-43EB-BBB7-0E065BDE3263} = {2CBB505D-5FCB-4FED-8860-A0B6B5B16742}
		{D3EF4A2B-7A72-4B3B-9864-74DF965FF373} = {2CBB505D-5FCB-4FED-8860-A0B6B5B16742}
		{6FCC86E2-B490-4F08-BC03-A39D3C2346B0} = {2CBB505D-5FCB-4FED-8860-A0B6B5B16742}
		{1478748B-5193-495D-97C7-C632A7A792F3} = {2CBB505D-5FCB-4FED-8860-A0B6B5B16742}
	EndGlobalSection
EndGlobal
