
Microsoft Visual Studio Solution File, Format Version 12.00
# Visual Studio 14
VisualStudioVersion = 14.0.25123.0
MinimumVisualStudioVersion = 10.0.40219.1
Project("{2150E333-8FDC-42A3-9474-1A3956D46DE8}") = "src", "src", "{2CBB505D-5FCB-4FED-8860-A0B6B5B16742}"
EndProject
Project("{8BB2217D-0F2D-49D1-97BC-3654ED321F3B}") = "CACSLibrary.Web", "src\CACSLibrary.Web\CACSLibrary.Web.xproj", "{65F6C914-C7BB-4C36-96CD-12217A0A9490}"
EndProject
Project("{8BB2217D-0F2D-49D1-97BC-3654ED321F3B}") = "CACSLibrary", "src\CACSLibrary\CACSLibrary.xproj", "{58D26FC3-7743-4EE7-9F2B-E1BFA9205E1F}"
EndProject
Project("{8BB2217D-0F2D-49D1-97BC-3654ED321F3B}") = "CACSLibrary.Autofac", "src\CACSLibrary.Autofac\CACSLibrary.Autofac.xproj", "{143343D4-6AC0-41E8-9269-3D527EB208AB}"
EndProject
Project("{8BB2217D-0F2D-49D1-97BC-3654ED321F3B}") = "CACSLibrary.Data", "src\CACSLibrary.Data\CACSLibrary.Data.xproj", "{4532A483-6C42-41BA-A61B-D44A9B7D534F}"
EndProject
Project("{8BB2217D-0F2D-49D1-97BC-3654ED321F3B}") = "CACSLibrary.Web.Autofac", "src\CACSLibrary.Web.Autofac\CACSLibrary.Web.Autofac.xproj", "{A4425764-8D0A-40F3-BA57-2B536D78906F}"
EndProject
Project("{8BB2217D-0F2D-49D1-97BC-3654ED321F3B}") = "CACSLibrary.WCF", "src\CACSLibrary.WCF\CACSLibrary.WCF.xproj", "{B037BF2E-E98A-44F0-8D9C-15E4EE23653B}"
EndProject
Project("{FAE04EC0-301F-11D3-BF4B-00C04F79EFBC}") = "CACSLibrary.Silverlight", "src\CACSLibrary.Silverlight\CACSLibrary.Silverlight.csproj", "{9C169111-4E07-4BAC-A3E7-A9C7D58EB01E}"
EndProject
Project("{FAE04EC0-301F-11D3-BF4B-00C04F79EFBC}") = "CACSLibrary.Silverlight.Maps", "src\CACSLibrary.Silverlight.Maps\CACSLibrary.Silverlight.Maps.csproj", "{578DAD9D-AA90-405A-94E0-48DCD8B9C0BC}"
EndProject
Project("{2150E333-8FDC-42A3-9474-1A3956D46DE8}") = "test", "test", "{73AF6008-3AD2-4A21-981D-7B0F387A590B}"
EndProject
Project("{FAE04EC0-301F-11D3-BF4B-00C04F79EFBC}") = "CACSLibrary.Silverlight.Maps.Test", "test\CACSLibrary.Silverlight.Maps.Test\CACSLibrary.Silverlight.Maps.Test.csproj", "{D65C2B95-E940-4184-B3AE-3A667A7401BB}"
EndProject
Project("{FAE04EC0-301F-11D3-BF4B-00C04F79EFBC}") = "CACSLibrary.Silverlight.Maps.Test.Web", "test\CACSLibrary.Silverlight.Maps.Test.Web\CACSLibrary.Silverlight.Maps.Test.Web.csproj", "{BD44CF93-66E6-4093-A36E-BC28B2EF86E1}"
EndProject
Project("{FF286327-C783-4F7A-AB73-9BCBAD0D4460}") = "CACSLibrary.Silverlight.Map.Package", "src\CACSLibrary.Silverlight.Map.Package\CACSLibrary.Silverlight.Map.Package.nuproj", "{339F35FC-3EA2-4424-BD13-329B8AEE8FDD}"
EndProject
Global
	GlobalSection(SolutionConfigurationPlatforms) = preSolution
		Debug|Any CPU = Debug|Any CPU
		Release|Any CPU = Release|Any CPU
	EndGlobalSection
	GlobalSection(ProjectConfigurationPlatforms) = postSolution
		{65F6C914-C7BB-4C36-96CD-12217A0A9490}.Debug|Any CPU.ActiveCfg = Debug|Any CPU
		{65F6C914-C7BB-4C36-96CD-12217A0A9490}.Debug|Any CPU.Build.0 = Debug|Any CPU
		{65F6C914-C7BB-4C36-96CD-12217A0A9490}.Release|Any CPU.ActiveCfg = Release|Any CPU
		{65F6C914-C7BB-4C36-96CD-12217A0A9490}.Release|Any CPU.Build.0 = Release|Any CPU
		{58D26FC3-7743-4EE7-9F2B-E1BFA9205E1F}.Debug|Any CPU.ActiveCfg = Debug|Any CPU
		{58D26FC3-7743-4EE7-9F2B-E1BFA9205E1F}.Debug|Any CPU.Build.0 = Debug|Any CPU
		{58D26FC3-7743-4EE7-9F2B-E1BFA9205E1F}.Release|Any CPU.ActiveCfg = Release|Any CPU
		{58D26FC3-7743-4EE7-9F2B-E1BFA9205E1F}.Release|Any CPU.Build.0 = Release|Any CPU
		{143343D4-6AC0-41E8-9269-3D527EB208AB}.Debug|Any CPU.ActiveCfg = Debug|Any CPU
		{143343D4-6AC0-41E8-9269-3D527EB208AB}.Debug|Any CPU.Build.0 = Debug|Any CPU
		{143343D4-6AC0-41E8-9269-3D527EB208AB}.Release|Any CPU.ActiveCfg = Release|Any CPU
		{143343D4-6AC0-41E8-9269-3D527EB208AB}.Release|Any CPU.Build.0 = Release|Any CPU
		{4532A483-6C42-41BA-A61B-D44A9B7D534F}.Debug|Any CPU.ActiveCfg = Debug|Any CPU
		{4532A483-6C42-41BA-A61B-D44A9B7D534F}.Debug|Any CPU.Build.0 = Debug|Any CPU
		{4532A483-6C42-41BA-A61B-D44A9B7D534F}.Release|Any CPU.ActiveCfg = Release|Any CPU
		{4532A483-6C42-41BA-A61B-D44A9B7D534F}.Release|Any CPU.Build.0 = Release|Any CPU
		{A4425764-8D0A-40F3-BA57-2B536D78906F}.Debug|Any CPU.ActiveCfg = Debug|Any CPU
		{A4425764-8D0A-40F3-BA57-2B536D78906F}.Debug|Any CPU.Build.0 = Debug|Any CPU
		{A4425764-8D0A-40F3-BA57-2B536D78906F}.Release|Any CPU.ActiveCfg = Release|Any CPU
		{A4425764-8D0A-40F3-BA57-2B536D78906F}.Release|Any CPU.Build.0 = Release|Any CPU
		{B037BF2E-E98A-44F0-8D9C-15E4EE23653B}.Debug|Any CPU.ActiveCfg = Debug|Any CPU
		{B037BF2E-E98A-44F0-8D9C-15E4EE23653B}.Debug|Any CPU.Build.0 = Debug|Any CPU
		{B037BF2E-E98A-44F0-8D9C-15E4EE23653B}.Release|Any CPU.ActiveCfg = Release|Any CPU
		{B037BF2E-E98A-44F0-8D9C-15E4EE23653B}.Release|Any CPU.Build.0 = Release|Any CPU
		{9C169111-4E07-4BAC-A3E7-A9C7D58EB01E}.Debug|Any CPU.ActiveCfg = Debug|Any CPU
		{9C169111-4E07-4BAC-A3E7-A9C7D58EB01E}.Debug|Any CPU.Build.0 = Debug|Any CPU
		{9C169111-4E07-4BAC-A3E7-A9C7D58EB01E}.Release|Any CPU.ActiveCfg = Release|Any CPU
		{9C169111-4E07-4BAC-A3E7-A9C7D58EB01E}.Release|Any CPU.Build.0 = Release|Any CPU
		{578DAD9D-AA90-405A-94E0-48DCD8B9C0BC}.Debug|Any CPU.ActiveCfg = Debug|Any CPU
		{578DAD9D-AA90-405A-94E0-48DCD8B9C0BC}.Debug|Any CPU.Build.0 = Debug|Any CPU
		{578DAD9D-AA90-405A-94E0-48DCD8B9C0BC}.Release|Any CPU.ActiveCfg = Release|Any CPU
		{578DAD9D-AA90-405A-94E0-48DCD8B9C0BC}.Release|Any CPU.Build.0 = Release|Any CPU
		{D65C2B95-E940-4184-B3AE-3A667A7401BB}.Debug|Any CPU.ActiveCfg = Debug|Any CPU
		{D65C2B95-E940-4184-B3AE-3A667A7401BB}.Debug|Any CPU.Build.0 = Debug|Any CPU
		{D65C2B95-E940-4184-B3AE-3A667A7401BB}.Release|Any CPU.ActiveCfg = Release|Any CPU
		{D65C2B95-E940-4184-B3AE-3A667A7401BB}.Release|Any CPU.Build.0 = Release|Any CPU
		{BD44CF93-66E6-4093-A36E-BC28B2EF86E1}.Debug|Any CPU.ActiveCfg = Debug|Any CPU
		{BD44CF93-66E6-4093-A36E-BC28B2EF86E1}.Debug|Any CPU.Build.0 = Debug|Any CPU
		{BD44CF93-66E6-4093-A36E-BC28B2EF86E1}.Release|Any CPU.ActiveCfg = Release|Any CPU
		{BD44CF93-66E6-4093-A36E-BC28B2EF86E1}.Release|Any CPU.Build.0 = Release|Any CPU
		{339F35FC-3EA2-4424-BD13-329B8AEE8FDD}.Debug|Any CPU.ActiveCfg = Debug|Any CPU
		{339F35FC-3EA2-4424-BD13-329B8AEE8FDD}.Debug|Any CPU.Build.0 = Debug|Any CPU
		{339F35FC-3EA2-4424-BD13-329B8AEE8FDD}.Release|Any CPU.ActiveCfg = Release|Any CPU
		{339F35FC-3EA2-4424-BD13-329B8AEE8FDD}.Release|Any CPU.Build.0 = Release|Any CPU
	EndGlobalSection
	GlobalSection(SolutionProperties) = preSolution
		HideSolutionNode = FALSE
	EndGlobalSection
	GlobalSection(NestedProjects) = preSolution
		{65F6C914-C7BB-4C36-96CD-12217A0A9490} = {2CBB505D-5FCB-4FED-8860-A0B6B5B16742}
		{58D26FC3-7743-4EE7-9F2B-E1BFA9205E1F} = {2CBB505D-5FCB-4FED-8860-A0B6B5B16742}
		{143343D4-6AC0-41E8-9269-3D527EB208AB} = {2CBB505D-5FCB-4FED-8860-A0B6B5B16742}
		{4532A483-6C42-41BA-A61B-D44A9B7D534F} = {2CBB505D-5FCB-4FED-8860-A0B6B5B16742}
		{A4425764-8D0A-40F3-BA57-2B536D78906F} = {2CBB505D-5FCB-4FED-8860-A0B6B5B16742}
		{B037BF2E-E98A-44F0-8D9C-15E4EE23653B} = {2CBB505D-5FCB-4FED-8860-A0B6B5B16742}
		{9C169111-4E07-4BAC-A3E7-A9C7D58EB01E} = {2CBB505D-5FCB-4FED-8860-A0B6B5B16742}
		{578DAD9D-AA90-405A-94E0-48DCD8B9C0BC} = {2CBB505D-5FCB-4FED-8860-A0B6B5B16742}
		{D65C2B95-E940-4184-B3AE-3A667A7401BB} = {73AF6008-3AD2-4A21-981D-7B0F387A590B}
		{BD44CF93-66E6-4093-A36E-BC28B2EF86E1} = {73AF6008-3AD2-4A21-981D-7B0F387A590B}
		{339F35FC-3EA2-4424-BD13-329B8AEE8FDD} = {2CBB505D-5FCB-4FED-8860-A0B6B5B16742}
	EndGlobalSection
EndGlobal
